
Microsoft Visual Studio Solution File, Format Version 12.00
# Visual Studio Version 16
VisualStudioVersion = 16.0.31205.134
MinimumVisualStudioVersion = 10.0.40219.1
Project("{FAE04EC0-301F-11D3-BF4B-00C04F79EFBC}") = "WebApplication2", "WebApplication2\WebApplication2.csproj", "{4CBA6647-4591-451B-8C38-DEEFA581A3AD}"
EndProject
Global
	GlobalSection(SolutionConfigurationPlatforms) = preSolution
		Debug|Any CPU = Debug|Any CPU
		Release|Any CPU = Release|Any CPU
	EndGlobalSection
	GlobalSection(ProjectConfigurationPlatforms) = postSolution
		{4CBA6647-4591-451B-8C38-DEEFA581A3AD}.Debug|Any CPU.ActiveCfg = Debug|Any CPU
		{4CBA6647-4591-451B-8C38-DEEFA581A3AD}.Debug|Any CPU.Build.0 = Debug|Any CPU
		{4CBA6647-4591-451B-8C38-DEEFA581A3AD}.Release|Any CPU.ActiveCfg = Release|Any CPU
		{4CBA6647-4591-451B-8C38-DEEFA581A3AD}.Release|Any CPU.Build.0 = Release|Any CPU
	EndGlobalSection
	GlobalSection(SolutionProperties) = preSolution
		HideSolutionNode = FALSE
	EndGlobalSection
	GlobalSection(ExtensibilityGlobals) = postSolution
		SolutionGuid = {DF8694A9-EC42-4883-AFD2-7D313371DDBF}
	EndGlobalSection
EndGlobal
